
Microsoft Visual Studio Solution File, Format Version 12.00
# Visual Studio 2015
Project("{FAE04EC0-301F-11D3-BF4B-00C04F79EFBC}") = "CSE165_Project1.CSharp.Plugins", "CSE165_Project1.CSharp.Plugins.csproj", "{975766E9-7DD9-343A-EE02-B0D70044E5B7}"
EndProject
Project("{FAE04EC0-301F-11D3-BF4B-00C04F79EFBC}") = "CSE165_Project1.CSharp", "CSE165_Project1.CSharp.csproj", "{4521F007-AA5C-0BE1-826C-04813DBCFF5E}"
EndProject
Global
	GlobalSection(SolutionConfigurationPlatforms) = preSolution
		Debug|Any CPU = Debug|Any CPU
		Release|Any CPU = Release|Any CPU
	EndGlobalSection
	GlobalSection(ProjectConfigurationPlatforms) = postSolution
		{975766E9-7DD9-343A-EE02-B0D70044E5B7}.Debug|Any CPU.ActiveCfg = Debug|Any CPU
		{975766E9-7DD9-343A-EE02-B0D70044E5B7}.Debug|Any CPU.Build.0 = Debug|Any CPU
		{975766E9-7DD9-343A-EE02-B0D70044E5B7}.Release|Any CPU.ActiveCfg = Release|Any CPU
		{975766E9-7DD9-343A-EE02-B0D70044E5B7}.Release|Any CPU.Build.0 = Release|Any CPU
		{4521F007-AA5C-0BE1-826C-04813DBCFF5E}.Debug|Any CPU.ActiveCfg = Debug|Any CPU
		{4521F007-AA5C-0BE1-826C-04813DBCFF5E}.Debug|Any CPU.Build.0 = Debug|Any CPU
		{4521F007-AA5C-0BE1-826C-04813DBCFF5E}.Release|Any CPU.ActiveCfg = Release|Any CPU
		{4521F007-AA5C-0BE1-826C-04813DBCFF5E}.Release|Any CPU.Build.0 = Release|Any CPU
	EndGlobalSection
	GlobalSection(SolutionProperties) = preSolution
		HideSolutionNode = FALSE
	EndGlobalSection
EndGlobal
