Microsoft Visual Studio Solution File, Format Version 11.00
# Visual Studio 2008

Project("{37CD1CA9-057D-82D5-FF4F-6E8604184C13}") = "CSE165_Project1", "Assembly-CSharp-firstpass.csproj", "{60613031-2C3D-BFD3-558C-BAB88BFB0971}"
EndProject
Project("{37CD1CA9-057D-82D5-FF4F-6E8604184C13}") = "CSE165_Project1", "Assembly-CSharp.csproj", "{309AB5C2-AE25-9619-D076-1B6F816DE6F0}"
EndProject
Global
	GlobalSection(SolutionConfigurationPlatforms) = preSolution
		Debug|Any CPU = Debug|Any CPU
		Release|Any CPU = Release|Any CPU
	EndGlobalSection
	GlobalSection(ProjectConfigurationPlatforms) = postSolution
		{60613031-2C3D-BFD3-558C-BAB88BFB0971}.Debug|Any CPU.ActiveCfg = Debug|Any CPU
		{60613031-2C3D-BFD3-558C-BAB88BFB0971}.Debug|Any CPU.Build.0 = Debug|Any CPU
		{60613031-2C3D-BFD3-558C-BAB88BFB0971}.Release|Any CPU.ActiveCfg = Release|Any CPU
		{60613031-2C3D-BFD3-558C-BAB88BFB0971}.Release|Any CPU.Build.0 = Release|Any CPU
		{309AB5C2-AE25-9619-D076-1B6F816DE6F0}.Debug|Any CPU.ActiveCfg = Debug|Any CPU
		{309AB5C2-AE25-9619-D076-1B6F816DE6F0}.Debug|Any CPU.Build.0 = Debug|Any CPU
		{309AB5C2-AE25-9619-D076-1B6F816DE6F0}.Release|Any CPU.ActiveCfg = Release|Any CPU
		{309AB5C2-AE25-9619-D076-1B6F816DE6F0}.Release|Any CPU.Build.0 = Release|Any CPU
	EndGlobalSection
	GlobalSection(SolutionProperties) = preSolution
		HideSolutionNode = FALSE
	EndGlobalSection
	GlobalSection(MonoDevelopProperties) = preSolution
		StartupItem = Assembly-CSharp.csproj
	EndGlobalSection
EndGlobal
