
Microsoft Visual Studio Solution File, Format Version 12.00
# Visual Studio 2015
Project("{FAE04EC0-301F-11D3-BF4B-00C04F79EFBC}") = "CSE165_Project3.CSharp", "CSE165_Project3.CSharp.csproj", "{F9FDFFE2-4D00-2C72-6020-E13058917986}"
EndProject
Project("{FAE04EC0-301F-11D3-BF4B-00C04F79EFBC}") = "CSE165_Project3.CSharp.Editor", "CSE165_Project3.CSharp.Editor.csproj", "{EA136BC2-3B46-83B2-3E25-01A3D170A9D7}"
EndProject
Global
	GlobalSection(SolutionConfigurationPlatforms) = preSolution
		Debug|Any CPU = Debug|Any CPU
		Release|Any CPU = Release|Any CPU
	EndGlobalSection
	GlobalSection(ProjectConfigurationPlatforms) = postSolution
		{F9FDFFE2-4D00-2C72-6020-E13058917986}.Debug|Any CPU.ActiveCfg = Debug|Any CPU
		{F9FDFFE2-4D00-2C72-6020-E13058917986}.Debug|Any CPU.Build.0 = Debug|Any CPU
		{F9FDFFE2-4D00-2C72-6020-E13058917986}.Release|Any CPU.ActiveCfg = Release|Any CPU
		{F9FDFFE2-4D00-2C72-6020-E13058917986}.Release|Any CPU.Build.0 = Release|Any CPU
		{EA136BC2-3B46-83B2-3E25-01A3D170A9D7}.Debug|Any CPU.ActiveCfg = Debug|Any CPU
		{EA136BC2-3B46-83B2-3E25-01A3D170A9D7}.Debug|Any CPU.Build.0 = Debug|Any CPU
		{EA136BC2-3B46-83B2-3E25-01A3D170A9D7}.Release|Any CPU.ActiveCfg = Release|Any CPU
		{EA136BC2-3B46-83B2-3E25-01A3D170A9D7}.Release|Any CPU.Build.0 = Release|Any CPU
	EndGlobalSection
	GlobalSection(SolutionProperties) = preSolution
		HideSolutionNode = FALSE
	EndGlobalSection
EndGlobal
