
Microsoft Visual Studio Solution File, Format Version 12.00
# Visual Studio 2015
Project("{FAE04EC0-301F-11D3-BF4B-00C04F79EFBC}") = "Cat Simulator.CSharp", "Cat Simulator.CSharp.csproj", "{33960607-2313-E134-8041-5431B0B50141}"
EndProject
Project("{FAE04EC0-301F-11D3-BF4B-00C04F79EFBC}") = "Cat Simulator.CSharp.Editor", "Cat Simulator.CSharp.Editor.csproj", "{98C18F05-C7A8-EAD5-9327-9E467CC267A6}"
EndProject
Global
	GlobalSection(SolutionConfigurationPlatforms) = preSolution
		Debug|Any CPU = Debug|Any CPU
		Release|Any CPU = Release|Any CPU
	EndGlobalSection
	GlobalSection(ProjectConfigurationPlatforms) = postSolution
		{33960607-2313-E134-8041-5431B0B50141}.Debug|Any CPU.ActiveCfg = Debug|Any CPU
		{33960607-2313-E134-8041-5431B0B50141}.Debug|Any CPU.Build.0 = Debug|Any CPU
		{33960607-2313-E134-8041-5431B0B50141}.Release|Any CPU.ActiveCfg = Release|Any CPU
		{33960607-2313-E134-8041-5431B0B50141}.Release|Any CPU.Build.0 = Release|Any CPU
		{98C18F05-C7A8-EAD5-9327-9E467CC267A6}.Debug|Any CPU.ActiveCfg = Debug|Any CPU
		{98C18F05-C7A8-EAD5-9327-9E467CC267A6}.Debug|Any CPU.Build.0 = Debug|Any CPU
		{98C18F05-C7A8-EAD5-9327-9E467CC267A6}.Release|Any CPU.ActiveCfg = Release|Any CPU
		{98C18F05-C7A8-EAD5-9327-9E467CC267A6}.Release|Any CPU.Build.0 = Release|Any CPU
	EndGlobalSection
	GlobalSection(SolutionProperties) = preSolution
		HideSolutionNode = FALSE
	EndGlobalSection
EndGlobal
